// !$*UTF8*$!
{
	archiveVersion = 1;
	classes = {
	};
	objectVersion = 55;
	objects = {

/* Begin PBXBuildFile section */
		2534685428AAE7F900F2F93F /* PokemonListExt.swift in Sources */ = {isa = PBXBuildFile; fileRef = 2534685328AAE7F900F2F93F /* PokemonListExt.swift */; };
		2534685628AAE86000F2F93F /* TableViewExt.swift in Sources */ = {isa = PBXBuildFile; fileRef = 2534685528AAE86000F2F93F /* TableViewExt.swift */; };
		254A38C428AADBA200556689 /* AppDelegate.swift in Sources */ = {isa = PBXBuildFile; fileRef = 254A38C328AADBA200556689 /* AppDelegate.swift */; };
		254A38C628AADBA200556689 /* SceneDelegate.swift in Sources */ = {isa = PBXBuildFile; fileRef = 254A38C528AADBA200556689 /* SceneDelegate.swift */; };
		254A38C828AADBA200556689 /* PokemonListController.swift in Sources */ = {isa = PBXBuildFile; fileRef = 254A38C728AADBA200556689 /* PokemonListController.swift */; };
		254A38CB28AADBA200556689 /* Main.storyboard in Resources */ = {isa = PBXBuildFile; fileRef = 254A38C928AADBA200556689 /* Main.storyboard */; };
		254A38CD28AADBA300556689 /* Assets.xcassets in Resources */ = {isa = PBXBuildFile; fileRef = 254A38CC28AADBA300556689 /* Assets.xcassets */; };
		254A38D028AADBA300556689 /* LaunchScreen.storyboard in Resources */ = {isa = PBXBuildFile; fileRef = 254A38CE28AADBA300556689 /* LaunchScreen.storyboard */; };
		254A38DC28AADBCB00556689 /* ApiService.swift in Sources */ = {isa = PBXBuildFile; fileRef = 254A38DB28AADBCB00556689 /* ApiService.swift */; };
		254A38DE28AADBF600556689 /* PokemonList.swift in Sources */ = {isa = PBXBuildFile; fileRef = 254A38DD28AADBF600556689 /* PokemonList.swift */; };
/* End PBXBuildFile section */

/* Begin PBXFileReference section */
		2534685328AAE7F900F2F93F /* PokemonListExt.swift */ = {isa = PBXFileReference; lastKnownFileType = sourcecode.swift; path = PokemonListExt.swift; sourceTree = "<group>"; };
		2534685528AAE86000F2F93F /* TableViewExt.swift */ = {isa = PBXFileReference; lastKnownFileType = sourcecode.swift; path = TableViewExt.swift; sourceTree = "<group>"; };
		254A38C028AADBA200556689 /* Pokemons.app */ = {isa = PBXFileReference; explicitFileType = wrapper.application; includeInIndex = 0; path = Pokemons.app; sourceTree = BUILT_PRODUCTS_DIR; };
		254A38C328AADBA200556689 /* AppDelegate.swift */ = {isa = PBXFileReference; lastKnownFileType = sourcecode.swift; path = AppDelegate.swift; sourceTree = "<group>"; };
		254A38C528AADBA200556689 /* SceneDelegate.swift */ = {isa = PBXFileReference; lastKnownFileType = sourcecode.swift; path = SceneDelegate.swift; sourceTree = "<group>"; };
		254A38C728AADBA200556689 /* PokemonListController.swift */ = {isa = PBXFileReference; lastKnownFileType = sourcecode.swift; path = PokemonListController.swift; sourceTree = "<group>"; };
		254A38CA28AADBA200556689 /* Base */ = {isa = PBXFileReference; lastKnownFileType = file.storyboard; name = Base; path = Base.lproj/Main.storyboard; sourceTree = "<group>"; };
		254A38CC28AADBA300556689 /* Assets.xcassets */ = {isa = PBXFileReference; lastKnownFileType = folder.assetcatalog; path = Assets.xcassets; sourceTree = "<group>"; };
		254A38CF28AADBA300556689 /* Base */ = {isa = PBXFileReference; lastKnownFileType = file.storyboard; name = Base; path = Base.lproj/LaunchScreen.storyboard; sourceTree = "<group>"; };
		254A38D128AADBA300556689 /* Info.plist */ = {isa = PBXFileReference; lastKnownFileType = text.plist.xml; path = Info.plist; sourceTree = "<group>"; };
		254A38DB28AADBCB00556689 /* ApiService.swift */ = {isa = PBXFileReference; lastKnownFileType = sourcecode.swift; path = ApiService.swift; sourceTree = "<group>"; };
		254A38DD28AADBF600556689 /* PokemonList.swift */ = {isa = PBXFileReference; lastKnownFileType = sourcecode.swift; path = PokemonList.swift; sourceTree = "<group>"; };
/* End PBXFileReference section */

/* Begin PBXFrameworksBuildPhase section */
		254A38BD28AADBA200556689 /* Frameworks */ = {
			isa = PBXFrameworksBuildPhase;
			buildActionMask = 2147483647;
			files = (
			);
			runOnlyForDeploymentPostprocessing = 0;
		};
/* End PBXFrameworksBuildPhase section */

/* Begin PBXGroup section */
		254A38B728AADBA200556689 = {
			isa = PBXGroup;
			children = (
				254A38C228AADBA200556689 /* Pokemons */,
				254A38C128AADBA200556689 /* Products */,
			);
			sourceTree = "<group>";
		};
		254A38C128AADBA200556689 /* Products */ = {
			isa = PBXGroup;
			children = (
				254A38C028AADBA200556689 /* Pokemons.app */,
			);
			name = Products;
			sourceTree = "<group>";
		};
		254A38C228AADBA200556689 /* Pokemons */ = {
			isa = PBXGroup;
			children = (
				254A38DF28AAE79D00556689 /* Extensions */,
				254A38DA28AADBB900556689 /* Services */,
				254A38D928AADBB400556689 /* Model */,
				254A38D728AADBA800556689 /* Controller */,
				254A38C328AADBA200556689 /* AppDelegate.swift */,
				254A38C528AADBA200556689 /* SceneDelegate.swift */,
				254A38C928AADBA200556689 /* Main.storyboard */,
				254A38CC28AADBA300556689 /* Assets.xcassets */,
				254A38CE28AADBA300556689 /* LaunchScreen.storyboard */,
				254A38D128AADBA300556689 /* Info.plist */,
			);
			path = Pokemons;
			sourceTree = "<group>";
		};
		254A38D728AADBA800556689 /* Controller */ = {
			isa = PBXGroup;
			children = (
				254A38C728AADBA200556689 /* PokemonListController.swift */,
			);
			path = Controller;
			sourceTree = "<group>";
		};
		254A38D928AADBB400556689 /* Model */ = {
			isa = PBXGroup;
			children = (
				254A38DD28AADBF600556689 /* PokemonList.swift */,
			);
			path = Model;
			sourceTree = "<group>";
		};
		254A38DA28AADBB900556689 /* Services */ = {
			isa = PBXGroup;
			children = (
				254A38DB28AADBCB00556689 /* ApiService.swift */,
			);
			path = Services;
			sourceTree = "<group>";
		};
		254A38DF28AAE79D00556689 /* Extensions */ = {
			isa = PBXGroup;
			children = (
				2534685328AAE7F900F2F93F /* PokemonListExt.swift */,
				2534685528AAE86000F2F93F /* TableViewExt.swift */,
			);
			path = Extensions;
			sourceTree = "<group>";
		};
/* End PBXGroup section */

/* Begin PBXNativeTarget section */
		254A38BF28AADBA200556689 /* Pokemons */ = {
			isa = PBXNativeTarget;
			buildConfigurationList = 254A38D428AADBA300556689 /* Build configuration list for PBXNativeTarget "Pokemons" */;
			buildPhases = (
				254A38BC28AADBA200556689 /* Sources */,
				254A38BD28AADBA200556689 /* Frameworks */,
				254A38BE28AADBA200556689 /* Resources */,
			);
			buildRules = (
			);
			dependencies = (
			);
			name = Pokemons;
			productName = Pokemons;
			productReference = 254A38C028AADBA200556689 /* Pokemons.app */;
			productType = "com.apple.product-type.application";
		};
/* End PBXNativeTarget section */

/* Begin PBXProject section */
		254A38B828AADBA200556689 /* Project object */ = {
			isa = PBXProject;
			attributes = {
				BuildIndependentTargetsInParallel = 1;
				LastSwiftUpdateCheck = 1340;
				LastUpgradeCheck = 1340;
				TargetAttributes = {
					254A38BF28AADBA200556689 = {
						CreatedOnToolsVersion = 13.4.1;
					};
				};
			};
			buildConfigurationList = 254A38BB28AADBA200556689 /* Build configuration list for PBXProject "Pokemons" */;
			compatibilityVersion = "Xcode 13.0";
			developmentRegion = en;
			hasScannedForEncodings = 0;
			knownRegions = (
				en,
				Base,
			);
			mainGroup = 254A38B728AADBA200556689;
			productRefGroup = 254A38C128AADBA200556689 /* Products */;
			projectDirPath = "";
			projectRoot = "";
			targets = (
				254A38BF28AADBA200556689 /* Pokemons */,
			);
		};
/* End PBXProject section */

/* Begin PBXResourcesBuildPhase section */
		254A38BE28AADBA200556689 /* Resources */ = {
			isa = PBXResourcesBuildPhase;
			buildActionMask = 2147483647;
			files = (
				254A38D028AADBA300556689 /* LaunchScreen.storyboard in Resources */,
				254A38CD28AADBA300556689 /* Assets.xcassets in Resources */,
				254A38CB28AADBA200556689 /* Main.storyboard in Resources */,
			);
			runOnlyForDeploymentPostprocessing = 0;
		};
/* End PBXResourcesBuildPhase section */

/* Begin PBXSourcesBuildPhase section */
		254A38BC28AADBA200556689 /* Sources */ = {
			isa = PBXSourcesBuildPhase;
			buildActionMask = 2147483647;
			files = (
				2534685628AAE86000F2F93F /* TableViewExt.swift in Sources */,
				254A38C828AADBA200556689 /* PokemonListController.swift in Sources */,
				254A38C428AADBA200556689 /* AppDelegate.swift in Sources */,
				254A38C628AADBA200556689 /* SceneDelegate.swift in Sources */,
				2534685428AAE7F900F2F93F /* PokemonListExt.swift in Sources */,
				254A38DC28AADBCB00556689 /* ApiService.swift in Sources */,
				254A38DE28AADBF600556689 /* PokemonList.swift in Sources */,
			);
			runOnlyForDeploymentPostprocessing = 0;
		};
/* End PBXSourcesBuildPhase section */

/* Begin PBXVariantGroup section */
		254A38C928AADBA200556689 /* Main.storyboard */ = {
			isa = PBXVariantGroup;
			children = (
				254A38CA28AADBA200556689 /* Base */,
			);
			name = Main.storyboard;
			sourceTree = "<group>";
		};
		254A38CE28AADBA300556689 /* LaunchScreen.storyboard */ = {
			isa = PBXVariantGroup;
			children = (
				254A38CF28AADBA300556689 /* Base */,
			);
			name = LaunchScreen.storyboard;
			sourceTree = "<group>";
		};
/* End PBXVariantGroup section */

/* Begin XCBuildConfiguration section */
		254A38D228AADBA300556689 /* Debug */ = {
			isa = XCBuildConfiguration;
			buildSettings = {
				ALWAYS_SEARCH_USER_PATHS = NO;
				CLANG_ANALYZER_NONNULL = YES;
				CLANG_ANALYZER_NUMBER_OBJECT_CONVERSION = YES_AGGRESSIVE;
				CLANG_CXX_LANGUAGE_STANDARD = "gnu++17";
				CLANG_ENABLE_MODULES = YES;
				CLANG_ENABLE_OBJC_ARC = YES;
				CLANG_ENABLE_OBJC_WEAK = YES;
				CLANG_WARN_BLOCK_CAPTURE_AUTORELEASING = YES;
				CLANG_WARN_BOOL_CONVERSION = YES;
				CLANG_WARN_COMMA = YES;
				CLANG_WARN_CONSTANT_CONVERSION = YES;
				CLANG_WARN_DEPRECATED_OBJC_IMPLEMENTATIONS = YES;
				CLANG_WARN_DIRECT_OBJC_ISA_USAGE = YES_ERROR;
				CLANG_WARN_DOCUMENTATION_COMMENTS = YES;
				CLANG_WARN_EMPTY_BODY = YES;
				CLANG_WARN_ENUM_CONVERSION = YES;
				CLANG_WARN_INFINITE_RECURSION = YES;
				CLANG_WARN_INT_CONVERSION = YES;
				CLANG_WARN_NON_LITERAL_NULL_CONVERSION = YES;
				CLANG_WARN_OBJC_IMPLICIT_RETAIN_SELF = YES;
				CLANG_WARN_OBJC_LITERAL_CONVERSION = YES;
				CLANG_WARN_OBJC_ROOT_CLASS = YES_ERROR;
				CLANG_WARN_QUOTED_INCLUDE_IN_FRAMEWORK_HEADER = YES;
				CLANG_WARN_RANGE_LOOP_ANALYSIS = YES;
				CLANG_WARN_STRICT_PROTOTYPES = YES;
				CLANG_WARN_SUSPICIOUS_MOVE = YES;
				CLANG_WARN_UNGUARDED_AVAILABILITY = YES_AGGRESSIVE;
				CLANG_WARN_UNREACHABLE_CODE = YES;
				CLANG_WARN__DUPLICATE_METHOD_MATCH = YES;
				COPY_PHASE_STRIP = NO;
				DEBUG_INFORMATION_FORMAT = dwarf;
				ENABLE_STRICT_OBJC_MSGSEND = YES;
				ENABLE_TESTABILITY = YES;
				GCC_C_LANGUAGE_STANDARD = gnu11;
				GCC_DYNAMIC_NO_PIC = NO;
				GCC_NO_COMMON_BLOCKS = YES;
				GCC_OPTIMIZATION_LEVEL = 0;
				GCC_PREPROCESSOR_DEFINITIONS = (
					"DEBUG=1",
					"$(inherited)",
				);
				GCC_WARN_64_TO_32_BIT_CONVERSION = YES;
				GCC_WARN_ABOUT_RETURN_TYPE = YES_ERROR;
				GCC_WARN_UNDECLARED_SELECTOR = YES;
				GCC_WARN_UNINITIALIZED_AUTOS = YES_AGGRESSIVE;
				GCC_WARN_UNUSED_FUNCTION = YES;
				GCC_WARN_UNUSED_VARIABLE = YES;
				IPHONEOS_DEPLOYMENT_TARGET = 15.5;
				MTL_ENABLE_DEBUG_INFO = INCLUDE_SOURCE;
				MTL_FAST_MATH = YES;
				ONLY_ACTIVE_ARCH = YES;
				SDKROOT = iphoneos;
				SWIFT_ACTIVE_COMPILATION_CONDITIONS = DEBUG;
				SWIFT_OPTIMIZATION_LEVEL = "-Onone";
			};
			name = Debug;
		};
		254A38D328AADBA300556689 /* Release */ = {
			isa = XCBuildConfiguration;
			buildSettings = {
				ALWAYS_SEARCH_USER_PATHS = NO;
				CLANG_ANALYZER_NONNULL = YES;
				CLANG_ANALYZER_NUMBER_OBJECT_CONVERSION = YES_AGGRESSIVE;
				CLANG_CXX_LANGUAGE_STANDARD = "gnu++17";
				CLANG_ENABLE_MODULES = YES;
				CLANG_ENABLE_OBJC_ARC = YES;
				CLANG_ENABLE_OBJC_WEAK = YES;
				CLANG_WARN_BLOCK_CAPTURE_AUTORELEASING = YES;
				CLANG_WARN_BOOL_CONVERSION = YES;
				CLANG_WARN_COMMA = YES;
				CLANG_WARN_CONSTANT_CONVERSION = YES;
				CLANG_WARN_DEPRECATED_OBJC_IMPLEMENTATIONS = YES;
				CLANG_WARN_DIRECT_OBJC_ISA_USAGE = YES_ERROR;
				CLANG_WARN_DOCUMENTATION_COMMENTS = YES;
				CLANG_WARN_EMPTY_BODY = YES;
				CLANG_WARN_ENUM_CONVERSION = YES;
				CLANG_WARN_INFINITE_RECURSION = YES;
				CLANG_WARN_INT_CONVERSION = YES;
				CLANG_WARN_NON_LITERAL_NULL_CONVERSION = YES;
				CLANG_WARN_OBJC_IMPLICIT_RETAIN_SELF = YES;
				CLANG_WARN_OBJC_LITERAL_CONVERSION = YES;
				CLANG_WARN_OBJC_ROOT_CLASS = YES_ERROR;
				CLANG_WARN_QUOTED_INCLUDE_IN_FRAMEWORK_HEADER = YES;
				CLANG_WARN_RANGE_LOOP_ANALYSIS = YES;
				CLANG_WARN_STRICT_PROTOTYPES = YES;
				CLANG_WARN_SUSPICIOUS_MOVE = YES;
				CLANG_WARN_UNGUARDED_AVAILABILITY = YES_AGGRESSIVE;
				CLANG_WARN_UNREACHABLE_CODE = YES;
				CLANG_WARN__DUPLICATE_METHOD_MATCH = YES;
				COPY_PHASE_STRIP = NO;
				DEBUG_INFORMATION_FORMAT = "dwarf-with-dsym";
				ENABLE_NS_ASSERTIONS = NO;
				ENABLE_STRICT_OBJC_MSGSEND = YES;
				GCC_C_LANGUAGE_STANDARD = gnu11;
				GCC_NO_COMMON_BLOCKS = YES;
				GCC_WARN_64_TO_32_BIT_CONVERSION = YES;
				GCC_WARN_ABOUT_RETURN_TYPE = YES_ERROR;
				GCC_WARN_UNDECLARED_SELECTOR = YES;
				GCC_WARN_UNINITIALIZED_AUTOS = YES_AGGRESSIVE;
				GCC_WARN_UNUSED_FUNCTION = YES;
				GCC_WARN_UNUSED_VARIABLE = YES;
				IPHONEOS_DEPLOYMENT_TARGET = 15.5;
				MTL_ENABLE_DEBUG_INFO = NO;
				MTL_FAST_MATH = YES;
				SDKROOT = iphoneos;
				SWIFT_COMPILATION_MODE = wholemodule;
				SWIFT_OPTIMIZATION_LEVEL = "-O";
				VALIDATE_PRODUCT = YES;
			};
			name = Release;
		};
		254A38D528AADBA300556689 /* Debug */ = {
			isa = XCBuildConfiguration;
			buildSettings = {
				ASSETCATALOG_COMPILER_APPICON_NAME = AppIcon;
				ASSETCATALOG_COMPILER_GLOBAL_ACCENT_COLOR_NAME = AccentColor;
				CODE_SIGN_STYLE = Automatic;
				CURRENT_PROJECT_VERSION = 1;
				DEVELOPMENT_TEAM = F5BJS4MMJH;
				GENERATE_INFOPLIST_FILE = YES;
				INFOPLIST_FILE = Pokemons/Info.plist;
				INFOPLIST_KEY_UIApplicationSupportsIndirectInputEvents = YES;
				INFOPLIST_KEY_UILaunchStoryboardName = LaunchScreen;
				INFOPLIST_KEY_UIMainStoryboardFile = Main;
				INFOPLIST_KEY_UISupportedInterfaceOrientations = UIInterfaceOrientationPortrait;
				INFOPLIST_KEY_UISupportedInterfaceOrientations_iPad = "UIInterfaceOrientationPortrait UIInterfaceOrientationPortraitUpsideDown UIInterfaceOrientationLandscapeLeft UIInterfaceOrientationLandscapeRight";
				INFOPLIST_KEY_UISupportedInterfaceOrientations_iPhone = "UIInterfaceOrientationPortrait UIInterfaceOrientationLandscapeLeft UIInterfaceOrientationLandscapeRight";
				IPHONEOS_DEPLOYMENT_TARGET = 13.0;
				LD_RUNPATH_SEARCH_PATHS = (
					"$(inherited)",
					"@executable_path/Frameworks",
				);
				MARKETING_VERSION = 1.0;
				PRODUCT_BUNDLE_IDENTIFIER = davidtonoyan.Pokemons;
				PRODUCT_NAME = "$(TARGET_NAME)";
				SWIFT_EMIT_LOC_STRINGS = YES;
				SWIFT_VERSION = 5.0;
				TARGETED_DEVICE_FAMILY = 1;
			};
			name = Debug;
		};
		254A38D628AADBA300556689 /* Release */ = {
			isa = XCBuildConfiguration;
			buildSettings = {
				ASSETCATALOG_COMPILER_APPICON_NAME = AppIcon;
				ASSETCATALOG_COMPILER_GLOBAL_ACCENT_COLOR_NAME = AccentColor;
				CODE_SIGN_STYLE = Automatic;
				CURRENT_PROJECT_VERSION = 1;
				DEVELOPMENT_TEAM = F5BJS4MMJH;
				GENERATE_INFOPLIST_FILE = YES;
				INFOPLIST_FILE = Pokemons/Info.plist;
				INFOPLIST_KEY_UIApplicationSupportsIndirectInputEvents = YES;
				INFOPLIST_KEY_UILaunchStoryboardName = LaunchScreen;
				INFOPLIST_KEY_UIMainStoryboardFile = Main;
				INFOPLIST_KEY_UISupportedInterfaceOrientations = UIInterfaceOrientationPortrait;
				INFOPLIST_KEY_UISupportedInterfaceOrientations_iPad = "UIInterfaceOrientationPortrait UIInterfaceOrientationPortraitUpsideDown UIInterfaceOrientationLandscapeLeft UIInterfaceOrientationLandscapeRight";
				INFOPLIST_KEY_UISupportedInterfaceOrientations_iPhone = "UIInterfaceOrientationPortrait UIInterfaceOrientationLandscapeLeft UIInterfaceOrientationLandscapeRight";
				IPHONEOS_DEPLOYMENT_TARGET = 13.0;
				LD_RUNPATH_SEARCH_PATHS = (
					"$(inherited)",
					"@executable_path/Frameworks",
				);
				MARKETING_VERSION = 1.0;
				PRODUCT_BUNDLE_IDENTIFIER = davidtonoyan.Pokemons;
				PRODUCT_NAME = "$(TARGET_NAME)";
				SWIFT_EMIT_LOC_STRINGS = YES;
				SWIFT_VERSION = 5.0;
				TARGETED_DEVICE_FAMILY = 1;
			};
			name = Release;
		};
/* End XCBuildConfiguration section */

/* Begin XCConfigurationList section */
		254A38BB28AADBA200556689 /* Build configuration list for PBXProject "Pokemons" */ = {
			isa = XCConfigurationList;
			buildConfigurations = (
				254A38D228AADBA300556689 /* Debug */,
				254A38D328AADBA300556689 /* Release */,
			);
			defaultConfigurationIsVisible = 0;
			defaultConfigurationName = Release;
		};
		254A38D428AADBA300556689 /* Build configuration list for PBXNativeTarget "Pokemons" */ = {
			isa = XCConfigurationList;
			buildConfigurations = (
				254A38D528AADBA300556689 /* Debug */,
				254A38D628AADBA300556689 /* Release */,
			);
			defaultConfigurationIsVisible = 0;
			defaultConfigurationName = Release;
		};
/* End XCConfigurationList section */
	};
	rootObject = 254A38B828AADBA200556689 /* Project object */;
}
